
Microsoft Visual Studio Solution File, Format Version 12.00
# Visual Studio Version 17
VisualStudioVersion = 17.0.31903.59
MinimumVisualStudioVersion = 10.0.40219.1
Project("{2150E333-8FDC-42A3-9474-1A3956D46DE8}") = "src", "src", "{827E0CD3-B72D-47B6-A68D-7590B98EB39B}"
EndProject
Project("{FAE04EC0-301F-11D3-BF4B-00C04F79EFBC}") = "AgentDesk.Core", "src\AgentDesk.Core\AgentDesk.Core.csproj", "{5E39F213-47EC-4516-AAAF-CA1B3B95D818}"
EndProject
Project("{FAE04EC0-301F-11D3-BF4B-00C04F79EFBC}") = "AgentDesk.Automation", "src\AgentDesk.Automation\AgentDesk.Automation.csproj", "{D55F94DF-57BC-4759-AA8A-9E3C02607BC3}"
EndProject
Project("{FAE04EC0-301F-11D3-BF4B-00C04F79EFBC}") = "AgentDesk.AI", "src\AgentDesk.AI\AgentDesk.AI.csproj", "{071E444F-C4E4-4B87-8449-2CDDD03EE2C1}"
EndProject
Project("{FAE04EC0-301F-11D3-BF4B-00C04F79EFBC}") = "AgentDesk.Infrastructure", "src\AgentDesk.Infrastructure\AgentDesk.Infrastructure.csproj", "{133BFD78-7CB0-486C-9523-28786B5CE6A8}"
EndProject
Project("{FAE04EC0-301F-11D3-BF4B-00C04F79EFBC}") = "AgentDesk.App", "src\AgentDesk.App\AgentDesk.App.csproj", "{5AACE1E2-C648-4428-B4DD-0F0E9BCD0BBA}"
EndProject
Project("{2150E333-8FDC-42A3-9474-1A3956D46DE8}") = "tests", "tests", "{0AB3BF05-4346-4AA6-1389-037BE0695223}"
EndProject
Project("{FAE04EC0-301F-11D3-BF4B-00C04F79EFBC}") = "AgentDesk.Core.Tests", "tests\AgentDesk.Core.Tests\AgentDesk.Core.Tests.csproj", "{E7EFBA08-E601-4E44-B0B3-34D242F57E09}"
EndProject
Project("{FAE04EC0-301F-11D3-BF4B-00C04F79EFBC}") = "AgentDesk.IntegrationTests", "tests\AgentDesk.IntegrationTests\AgentDesk.IntegrationTests.csproj", "{C4776EFC-59CF-486F-B3D2-DEF703AF1044}"
EndProject
Global
	GlobalSection(SolutionConfigurationPlatforms) = preSolution
		Debug|Any CPU = Debug|Any CPU
		Debug|x64 = Debug|x64
		Debug|x86 = Debug|x86
		Release|Any CPU = Release|Any CPU
		Release|x64 = Release|x64
		Release|x86 = Release|x86
	EndGlobalSection
	GlobalSection(ProjectConfigurationPlatforms) = postSolution
		{5E39F213-47EC-4516-AAAF-CA1B3B95D818}.Debug|Any CPU.ActiveCfg = Debug|Any CPU
		{5E39F213-47EC-4516-AAAF-CA1B3B95D818}.Debug|Any CPU.Build.0 = Debug|Any CPU
		{5E39F213-47EC-4516-AAAF-CA1B3B95D818}.Debug|x64.ActiveCfg = Debug|Any CPU
		{5E39F213-47EC-4516-AAAF-CA1B3B95D818}.Debug|x64.Build.0 = Debug|Any CPU
		{5E39F213-47EC-4516-AAAF-CA1B3B95D818}.Debug|x86.ActiveCfg = Debug|Any CPU
		{5E39F213-47EC-4516-AAAF-CA1B3B95D818}.Debug|x86.Build.0 = Debug|Any CPU
		{5E39F213-47EC-4516-AAAF-CA1B3B95D818}.Release|Any CPU.ActiveCfg = Release|Any CPU
		{5E39F213-47EC-4516-AAAF-CA1B3B95D818}.Release|Any CPU.Build.0 = Release|Any CPU
		{5E39F213-47EC-4516-AAAF-CA1B3B95D818}.Release|x64.ActiveCfg = Release|Any CPU
		{5E39F213-47EC-4516-AAAF-CA1B3B95D818}.Release|x64.Build.0 = Release|Any CPU
		{5E39F213-47EC-4516-AAAF-CA1B3B95D818}.Release|x86.ActiveCfg = Release|Any CPU
		{5E39F213-47EC-4516-AAAF-CA1B3B95D818}.Release|x86.Build.0 = Release|Any CPU
		{D55F94DF-57BC-4759-AA8A-9E3C02607BC3}.Debug|Any CPU.ActiveCfg = Debug|Any CPU
		{D55F94DF-57BC-4759-AA8A-9E3C02607BC3}.Debug|Any CPU.Build.0 = Debug|Any CPU
		{D55F94DF-57BC-4759-AA8A-9E3C02607BC3}.Debug|x64.ActiveCfg = Debug|Any CPU
		{D55F94DF-57BC-4759-AA8A-9E3C02607BC3}.Debug|x64.Build.0 = Debug|Any CPU
		{D55F94DF-57BC-4759-AA8A-9E3C02607BC3}.Debug|x86.ActiveCfg = Debug|Any CPU
		{D55F94DF-57BC-4759-AA8A-9E3C02607BC3}.Debug|x86.Build.0 = Debug|Any CPU
		{D55F94DF-57BC-4759-AA8A-9E3C02607BC3}.Release|Any CPU.ActiveCfg = Release|Any CPU
		{D55F94DF-57BC-4759-AA8A-9E3C02607BC3}.Release|Any CPU.Build.0 = Release|Any CPU
		{D55F94DF-57BC-4759-AA8A-9E3C02607BC3}.Release|x64.ActiveCfg = Release|Any CPU
		{D55F94DF-57BC-4759-AA8A-9E3C02607BC3}.Release|x64.Build.0 = Release|Any CPU
		{D55F94DF-57BC-4759-AA8A-9E3C02607BC3}.Release|x86.ActiveCfg = Release|Any CPU
		{D55F94DF-57BC-4759-AA8A-9E3C02607BC3}.Release|x86.Build.0 = Release|Any CPU
		{071E444F-C4E4-4B87-8449-2CDDD03EE2C1}.Debug|Any CPU.ActiveCfg = Debug|Any CPU
		{071E444F-C4E4-4B87-8449-2CDDD03EE2C1}.Debug|Any CPU.Build.0 = Debug|Any CPU
		{071E444F-C4E4-4B87-8449-2CDDD03EE2C1}.Debug|x64.ActiveCfg = Debug|Any CPU
		{071E444F-C4E4-4B87-8449-2CDDD03EE2C1}.Debug|x64.Build.0 = Debug|Any CPU
		{071E444F-C4E4-4B87-8449-2CDDD03EE2C1}.Debug|x86.ActiveCfg = Debug|Any CPU
		{071E444F-C4E4-4B87-8449-2CDDD03EE2C1}.Debug|x86.Build.0 = Debug|Any CPU
		{071E444F-C4E4-4B87-8449-2CDDD03EE2C1}.Release|Any CPU.ActiveCfg = Release|Any CPU
		{071E444F-C4E4-4B87-8449-2CDDD03EE2C1}.Release|Any CPU.Build.0 = Release|Any CPU
		{071E444F-C4E4-4B87-8449-2CDDD03EE2C1}.Release|x64.ActiveCfg = Release|Any CPU
		{071E444F-C4E4-4B87-8449-2CDDD03EE2C1}.Release|x64.Build.0 = Release|Any CPU
		{071E444F-C4E4-4B87-8449-2CDDD03EE2C1}.Release|x86.ActiveCfg = Release|Any CPU
		{071E444F-C4E4-4B87-8449-2CDDD03EE2C1}.Release|x86.Build.0 = Release|Any CPU
		{133BFD78-7CB0-486C-9523-28786B5CE6A8}.Debug|Any CPU.ActiveCfg = Debug|Any CPU
		{133BFD78-7CB0-486C-9523-28786B5CE6A8}.Debug|Any CPU.Build.0 = Debug|Any CPU
		{133BFD78-7CB0-486C-9523-28786B5CE6A8}.Debug|x64.ActiveCfg = Debug|Any CPU
		{133BFD78-7CB0-486C-9523-28786B5CE6A8}.Debug|x64.Build.0 = Debug|Any CPU
		{133BFD78-7CB0-486C-9523-28786B5CE6A8}.Debug|x86.ActiveCfg = Debug|Any CPU
		{133BFD78-7CB0-486C-9523-28786B5CE6A8}.Debug|x86.Build.0 = Debug|Any CPU
		{133BFD78-7CB0-486C-9523-28786B5CE6A8}.Release|Any CPU.ActiveCfg = Release|Any CPU
		{133BFD78-7CB0-486C-9523-28786B5CE6A8}.Release|Any CPU.Build.0 = Release|Any CPU
		{133BFD78-7CB0-486C-9523-28786B5CE6A8}.Release|x64.ActiveCfg = Release|Any CPU
		{133BFD78-7CB0-486C-9523-28786B5CE6A8}.Release|x64.Build.0 = Release|Any CPU
		{133BFD78-7CB0-486C-9523-28786B5CE6A8}.Release|x86.ActiveCfg = Release|Any CPU
		{133BFD78-7CB0-486C-9523-28786B5CE6A8}.Release|x86.Build.0 = Release|Any CPU
		{5AACE1E2-C648-4428-B4DD-0F0E9BCD0BBA}.Debug|Any CPU.ActiveCfg = Debug|Any CPU
		{5AACE1E2-C648-4428-B4DD-0F0E9BCD0BBA}.Debug|Any CPU.Build.0 = Debug|Any CPU
		{5AACE1E2-C648-4428-B4DD-0F0E9BCD0BBA}.Debug|x64.ActiveCfg = Debug|Any CPU
		{5AACE1E2-C648-4428-B4DD-0F0E9BCD0BBA}.Debug|x64.Build.0 = Debug|Any CPU
		{5AACE1E2-C648-4428-B4DD-0F0E9BCD0BBA}.Debug|x86.ActiveCfg = Debug|Any CPU
		{5AACE1E2-C648-4428-B4DD-0F0E9BCD0BBA}.Debug|x86.Build.0 = Debug|Any CPU
		{5AACE1E2-C648-4428-B4DD-0F0E9BCD0BBA}.Release|Any CPU.ActiveCfg = Release|Any CPU
		{5AACE1E2-C648-4428-B4DD-0F0E9BCD0BBA}.Release|Any CPU.Build.0 = Release|Any CPU
		{5AACE1E2-C648-4428-B4DD-0F0E9BCD0BBA}.Release|x64.ActiveCfg = Release|Any CPU
		{5AACE1E2-C648-4428-B4DD-0F0E9BCD0BBA}.Release|x64.Build.0 = Release|Any CPU
		{5AACE1E2-C648-4428-B4DD-0F0E9BCD0BBA}.Release|x86.ActiveCfg = Release|Any CPU
		{5AACE1E2-C648-4428-B4DD-0F0E9BCD0BBA}.Release|x86.Build.0 = Release|Any CPU
		{E7EFBA08-E601-4E44-B0B3-34D242F57E09}.Debug|Any CPU.ActiveCfg = Debug|Any CPU
		{E7EFBA08-E601-4E44-B0B3-34D242F57E09}.Debug|Any CPU.Build.0 = Debug|Any CPU
		{E7EFBA08-E601-4E44-B0B3-34D242F57E09}.Debug|x64.ActiveCfg = Debug|Any CPU
		{E7EFBA08-E601-4E44-B0B3-34D242F57E09}.Debug|x64.Build.0 = Debug|Any CPU
		{E7EFBA08-E601-4E44-B0B3-34D242F57E09}.Debug|x86.ActiveCfg = Debug|Any CPU
		{E7EFBA08-E601-4E44-B0B3-34D242F57E09}.Debug|x86.Build.0 = Debug|Any CPU
		{E7EFBA08-E601-4E44-B0B3-34D242F57E09}.Release|Any CPU.ActiveCfg = Release|Any CPU
		{E7EFBA08-E601-4E44-B0B3-34D242F57E09}.Release|Any CPU.Build.0 = Release|Any CPU
		{E7EFBA08-E601-4E44-B0B3-34D242F57E09}.Release|x64.ActiveCfg = Release|Any CPU
		{E7EFBA08-E601-4E44-B0B3-34D242F57E09}.Release|x64.Build.0 = Release|Any CPU
		{E7EFBA08-E601-4E44-B0B3-34D242F57E09}.Release|x86.ActiveCfg = Release|Any CPU
		{E7EFBA08-E601-4E44-B0B3-34D242F57E09}.Release|x86.Build.0 = Release|Any CPU
		{C4776EFC-59CF-486F-B3D2-DEF703AF1044}.Debug|Any CPU.ActiveCfg = Debug|Any CPU
		{C4776EFC-59CF-486F-B3D2-DEF703AF1044}.Debug|Any CPU.Build.0 = Debug|Any CPU
		{C4776EFC-59CF-486F-B3D2-DEF703AF1044}.Debug|x64.ActiveCfg = Debug|Any CPU
		{C4776EFC-59CF-486F-B3D2-DEF703AF1044}.Debug|x64.Build.0 = Debug|Any CPU
		{C4776EFC-59CF-486F-B3D2-DEF703AF1044}.Debug|x86.ActiveCfg = Debug|Any CPU
		{C4776EFC-59CF-486F-B3D2-DEF703AF1044}.Debug|x86.Build.0 = Debug|Any CPU
		{C4776EFC-59CF-486F-B3D2-DEF703AF1044}.Release|Any CPU.ActiveCfg = Release|Any CPU
		{C4776EFC-59CF-486F-B3D2-DEF703AF1044}.Release|Any CPU.Build.0 = Release|Any CPU
		{C4776EFC-59CF-486F-B3D2-DEF703AF1044}.Release|x64.ActiveCfg = Release|Any CPU
		{C4776EFC-59CF-486F-B3D2-DEF703AF1044}.Release|x64.Build.0 = Release|Any CPU
		{C4776EFC-59CF-486F-B3D2-DEF703AF1044}.Release|x86.ActiveCfg = Release|Any CPU
		{C4776EFC-59CF-486F-B3D2-DEF703AF1044}.Release|x86.Build.0 = Release|Any CPU
	EndGlobalSection
	GlobalSection(SolutionProperties) = preSolution
		HideSolutionNode = FALSE
	EndGlobalSection
	GlobalSection(NestedProjects) = preSolution
		{5E39F213-47EC-4516-AAAF-CA1B3B95D818} = {827E0CD3-B72D-47B6-A68D-7590B98EB39B}
		{D55F94DF-57BC-4759-AA8A-9E3C02607BC3} = {827E0CD3-B72D-47B6-A68D-7590B98EB39B}
		{071E444F-C4E4-4B87-8449-2CDDD03EE2C1} = {827E0CD3-B72D-47B6-A68D-7590B98EB39B}
		{133BFD78-7CB0-486C-9523-28786B5CE6A8} = {827E0CD3-B72D-47B6-A68D-7590B98EB39B}
		{5AACE1E2-C648-4428-B4DD-0F0E9BCD0BBA} = {827E0CD3-B72D-47B6-A68D-7590B98EB39B}
		{E7EFBA08-E601-4E44-B0B3-34D242F57E09} = {0AB3BF05-4346-4AA6-1389-037BE0695223}
		{C4776EFC-59CF-486F-B3D2-DEF703AF1044} = {0AB3BF05-4346-4AA6-1389-037BE0695223}
	EndGlobalSection
EndGlobal
